
Microsoft Visual Studio Solution File, Format Version 12.00
Project("{FAE04EC0-301F-11D3-BF4B-00C04F79EFBC}") = "Demo.Backend", "Demo.Backend\Demo.Backend.csproj", "{2307C7C0-FAD0-426D-9520-5B6791B96BDB}"
EndProject
Global
	GlobalSection(SolutionConfigurationPlatforms) = preSolution
		Debug|Any CPU = Debug|Any CPU
		Release|Any CPU = Release|Any CPU
	EndGlobalSection
	GlobalSection(ProjectConfigurationPlatforms) = postSolution
		{2307C7C0-FAD0-426D-9520-5B6791B96BDB}.Debug|Any CPU.ActiveCfg = Debug|Any CPU
		{2307C7C0-FAD0-426D-9520-5B6791B96BDB}.Debug|Any CPU.Build.0 = Debug|Any CPU
		{2307C7C0-FAD0-426D-9520-5B6791B96BDB}.Release|Any CPU.ActiveCfg = Release|Any CPU
		{2307C7C0-FAD0-426D-9520-5B6791B96BDB}.Release|Any CPU.Build.0 = Release|Any CPU
	EndGlobalSection
EndGlobal
